
Microsoft Visual Studio Solution File, Format Version 12.00
# Visual Studio 15
VisualStudioVersion = 15.0.28307.329
MinimumVisualStudioVersion = 10.0.40219.1
Project("{FAE04EC0-301F-11D3-BF4B-00C04F79EFBC}") = "ConvetPdfToLayoutAlta", "ConvetPdfToLayoutAlta\ConvetPdfToLayoutAlta.csproj", "{FE906407-531F-47B9-B4A2-39C52B438066}"
EndProject
Project("{FAE04EC0-301F-11D3-BF4B-00C04F79EFBC}") = "Extrator_Tela_81", "Extrator_Tela_81\Extrator_Tela_81.csproj", "{05231D04-BE52-414F-83A6-A1F72EC87156}"
EndProject
Global
	GlobalSection(SolutionConfigurationPlatforms) = preSolution
		Desenvolvimento|Any CPU = Desenvolvimento|Any CPU
		Produção|Any CPU = Produção|Any CPU
	EndGlobalSection
	GlobalSection(ProjectConfigurationPlatforms) = postSolution
		{FE906407-531F-47B9-B4A2-39C52B438066}.Desenvolvimento|Any CPU.ActiveCfg = Debug|Any CPU
		{FE906407-531F-47B9-B4A2-39C52B438066}.Desenvolvimento|Any CPU.Build.0 = Debug|Any CPU
		{FE906407-531F-47B9-B4A2-39C52B438066}.Produção|Any CPU.ActiveCfg = Release|Any CPU
		{FE906407-531F-47B9-B4A2-39C52B438066}.Produção|Any CPU.Build.0 = Release|Any CPU
		{05231D04-BE52-414F-83A6-A1F72EC87156}.Desenvolvimento|Any CPU.ActiveCfg = Debug|Any CPU
		{05231D04-BE52-414F-83A6-A1F72EC87156}.Desenvolvimento|Any CPU.Build.0 = Debug|Any CPU
		{05231D04-BE52-414F-83A6-A1F72EC87156}.Produção|Any CPU.ActiveCfg = Release|Any CPU
		{05231D04-BE52-414F-83A6-A1F72EC87156}.Produção|Any CPU.Build.0 = Release|Any CPU
	EndGlobalSection
	GlobalSection(SolutionProperties) = preSolution
		HideSolutionNode = FALSE
	EndGlobalSection
	GlobalSection(ExtensibilityGlobals) = postSolution
		SolutionGuid = {F2D7DA3F-C52B-4D5A-841C-715F1133E2A5}
	EndGlobalSection
EndGlobal
